
Microsoft Visual Studio Solution File, Format Version 12.00
# Visual Studio Version 17
VisualStudioVersion = 17.10.35004.147
MinimumVisualStudioVersion = 10.0.40219.1
Project("{9A19103F-16F7-4668-BE54-9A1E7A4F7556}") = "TC - API", "TechChallenge - API\TC - API.csproj", "{286C619A-520A-4D5C-A144-BC1B95E24A1A}"
EndProject
Project("{9A19103F-16F7-4668-BE54-9A1E7A4F7556}") = "TC - Application", "TechChallenge - Application\TC - Application.csproj", "{0C87E0F4-F29B-49DF-B092-B5732D54621D}"
EndProject
Project("{9A19103F-16F7-4668-BE54-9A1E7A4F7556}") = "TC - DataTransfer", "TechChallenge - DataTransfer\TC - DataTransfer.csproj", "{07F2AFA3-DF28-441C-A292-3313CAF53806}"
EndProject
Project("{9A19103F-16F7-4668-BE54-9A1E7A4F7556}") = "TC - Domain", "TechChallenge - Domain\TC - Domain.csproj", "{2D6A1159-5DA7-413D-8A95-E7A99E55B9AE}"
EndProject
Project("{9A19103F-16F7-4668-BE54-9A1E7A4F7556}") = "TC - Infra", "TechChallenge - Infra\TC - Infra.csproj", "{69721366-CA8C-43F9-99FC-FD7484524847}"
EndProject
Project("{FAE04EC0-301F-11D3-BF4B-00C04F79EFBC}") = "TC - APP", "TC - APP\TC - APP.csproj", "{F18D0939-AC5E-43DA-B174-409DFD0ACF61}"
EndProject
Project("{FAE04EC0-301F-11D3-BF4B-00C04F79EFBC}") = "TC - Teste", "TC - Teste\TC - Teste.csproj", "{7AD2750D-DB2A-4623-A23C-14F3C4C77907}"
EndProject
Global
	GlobalSection(SolutionConfigurationPlatforms) = preSolution
		Debug|Any CPU = Debug|Any CPU
		Release|Any CPU = Release|Any CPU
	EndGlobalSection
	GlobalSection(ProjectConfigurationPlatforms) = postSolution
		{286C619A-520A-4D5C-A144-BC1B95E24A1A}.Debug|Any CPU.ActiveCfg = Debug|Any CPU
		{286C619A-520A-4D5C-A144-BC1B95E24A1A}.Debug|Any CPU.Build.0 = Debug|Any CPU
		{286C619A-520A-4D5C-A144-BC1B95E24A1A}.Release|Any CPU.ActiveCfg = Release|Any CPU
		{286C619A-520A-4D5C-A144-BC1B95E24A1A}.Release|Any CPU.Build.0 = Release|Any CPU
		{0C87E0F4-F29B-49DF-B092-B5732D54621D}.Debug|Any CPU.ActiveCfg = Debug|Any CPU
		{0C87E0F4-F29B-49DF-B092-B5732D54621D}.Debug|Any CPU.Build.0 = Debug|Any CPU
		{0C87E0F4-F29B-49DF-B092-B5732D54621D}.Release|Any CPU.ActiveCfg = Release|Any CPU
		{0C87E0F4-F29B-49DF-B092-B5732D54621D}.Release|Any CPU.Build.0 = Release|Any CPU
		{07F2AFA3-DF28-441C-A292-3313CAF53806}.Debug|Any CPU.ActiveCfg = Debug|Any CPU
		{07F2AFA3-DF28-441C-A292-3313CAF53806}.Debug|Any CPU.Build.0 = Debug|Any CPU
		{07F2AFA3-DF28-441C-A292-3313CAF53806}.Release|Any CPU.ActiveCfg = Release|Any CPU
		{07F2AFA3-DF28-441C-A292-3313CAF53806}.Release|Any CPU.Build.0 = Release|Any CPU
		{2D6A1159-5DA7-413D-8A95-E7A99E55B9AE}.Debug|Any CPU.ActiveCfg = Debug|Any CPU
		{2D6A1159-5DA7-413D-8A95-E7A99E55B9AE}.Debug|Any CPU.Build.0 = Debug|Any CPU
		{2D6A1159-5DA7-413D-8A95-E7A99E55B9AE}.Release|Any CPU.ActiveCfg = Release|Any CPU
		{2D6A1159-5DA7-413D-8A95-E7A99E55B9AE}.Release|Any CPU.Build.0 = Release|Any CPU
		{69721366-CA8C-43F9-99FC-FD7484524847}.Debug|Any CPU.ActiveCfg = Debug|Any CPU
		{69721366-CA8C-43F9-99FC-FD7484524847}.Debug|Any CPU.Build.0 = Debug|Any CPU
		{69721366-CA8C-43F9-99FC-FD7484524847}.Release|Any CPU.ActiveCfg = Release|Any CPU
		{69721366-CA8C-43F9-99FC-FD7484524847}.Release|Any CPU.Build.0 = Release|Any CPU
		{F18D0939-AC5E-43DA-B174-409DFD0ACF61}.Debug|Any CPU.ActiveCfg = Debug|Any CPU
		{F18D0939-AC5E-43DA-B174-409DFD0ACF61}.Debug|Any CPU.Build.0 = Debug|Any CPU
		{F18D0939-AC5E-43DA-B174-409DFD0ACF61}.Release|Any CPU.ActiveCfg = Release|Any CPU
		{F18D0939-AC5E-43DA-B174-409DFD0ACF61}.Release|Any CPU.Build.0 = Release|Any CPU
		{7AD2750D-DB2A-4623-A23C-14F3C4C77907}.Debug|Any CPU.ActiveCfg = Debug|Any CPU
		{7AD2750D-DB2A-4623-A23C-14F3C4C77907}.Debug|Any CPU.Build.0 = Debug|Any CPU
		{7AD2750D-DB2A-4623-A23C-14F3C4C77907}.Release|Any CPU.ActiveCfg = Release|Any CPU
		{7AD2750D-DB2A-4623-A23C-14F3C4C77907}.Release|Any CPU.Build.0 = Release|Any CPU
	EndGlobalSection
	GlobalSection(SolutionProperties) = preSolution
		HideSolutionNode = FALSE
	EndGlobalSection
	GlobalSection(ExtensibilityGlobals) = postSolution
		SolutionGuid = {DADFF135-D36C-4F05-8D5E-2CFA1127C023}
	EndGlobalSection
EndGlobal
